
Microsoft Visual Studio Solution File, Format Version 12.00
# Visual Studio Version 16
VisualStudioVersion = 16.0.29613.14
MinimumVisualStudioVersion = 10.0.40219.1
Project("{FAE04EC0-301F-11D3-BF4B-00C04F79EFBC}") = "Tofu3D", "Tofu3D\Tofu3D.csproj", "{5B0B9292-82E5-42FA-9C1B-EBC1096080E1}"
EndProject
Global
	GlobalSection(SolutionConfigurationPlatforms) = preSolution
		MacOS Release|Any CPU = MacOS Release|Any CPU
		MacOS Debug|Any CPU = MacOS Debug|Any CPU
		Windows Release|Any CPU = Windows Release|Any CPU
		Windows Debug|Any CPU = Windows Debug|Any CPU
		Linux Debug|Any CPU = Linux Debug|Any CPU
		Linux Release|Any CPU = Linux Release|Any CPU
	EndGlobalSection
	GlobalSection(ProjectConfigurationPlatforms) = postSolution
		{5B0B9292-82E5-42FA-9C1B-EBC1096080E1}.MacOS Release|Any CPU.ActiveCfg = MacOS Release|Any CPU
		{5B0B9292-82E5-42FA-9C1B-EBC1096080E1}.MacOS Release|Any CPU.Build.0 = MacOS Release|Any CPU
		{5B0B9292-82E5-42FA-9C1B-EBC1096080E1}.MacOS Debug|Any CPU.ActiveCfg = MacOS Debug|Any CPU
		{5B0B9292-82E5-42FA-9C1B-EBC1096080E1}.MacOS Debug|Any CPU.Build.0 = MacOS Debug|Any CPU
		{5B0B9292-82E5-42FA-9C1B-EBC1096080E1}.Windows Release|Any CPU.ActiveCfg = Windows Release|Any CPU
		{5B0B9292-82E5-42FA-9C1B-EBC1096080E1}.Windows Release|Any CPU.Build.0 = Windows Release|Any CPU
		{5B0B9292-82E5-42FA-9C1B-EBC1096080E1}.Windows Debug|Any CPU.ActiveCfg = Windows Debug|Any CPU
		{5B0B9292-82E5-42FA-9C1B-EBC1096080E1}.Windows Debug|Any CPU.Build.0 = Windows Debug|Any CPU
		{5B0B9292-82E5-42FA-9C1B-EBC1096080E1}.Linux Debug|Any CPU.ActiveCfg = Linux Debug|Any CPU
		{5B0B9292-82E5-42FA-9C1B-EBC1096080E1}.Linux Debug|Any CPU.Build.0 = Linux Debug|Any CPU
		{5B0B9292-82E5-42FA-9C1B-EBC1096080E1}.Linux Release|Any CPU.ActiveCfg = Linux Release|Any CPU
		{5B0B9292-82E5-42FA-9C1B-EBC1096080E1}.Linux Release|Any CPU.Build.0 = Linux Release|Any CPU
	EndGlobalSection
	GlobalSection(SolutionProperties) = preSolution
		HideSolutionNode = FALSE
	EndGlobalSection
	GlobalSection(ExtensibilityGlobals) = postSolution
		SolutionGuid = {81B8CF7A-7C8C-46CF-A698-DE0A51B5AA13}
	EndGlobalSection
EndGlobal
